
Microsoft Visual Studio Solution File, Format Version 12.00
# Visual Studio Version 16
VisualStudioVersion = 16.0.30225.117
MinimumVisualStudioVersion = 10.0.40219.1
Project("{9A19103F-16F7-4668-BE54-9A1E7A4F7556}") = "Business", "Business\Business.csproj", "{36E8F947-121C-4C2E-91FF-2963034DE907}"
EndProject
Project("{9A19103F-16F7-4668-BE54-9A1E7A4F7556}") = "Data", "Data\Data.csproj", "{450F8F34-CD9E-4776-8573-D5EE6CB26939}"
EndProject
Project("{9A19103F-16F7-4668-BE54-9A1E7A4F7556}") = "WebApi", "WebApi\WebApi.csproj", "{2A3C7107-A8E1-49BB-93A7-2483B3E0E474}"
EndProject
Project("{9A19103F-16F7-4668-BE54-9A1E7A4F7556}") = "Web", "Web\Web.csproj", "{8DAE57FE-A000-4B2F-BE5F-776D0932BD9F}"
EndProject
Global
	GlobalSection(SolutionConfigurationPlatforms) = preSolution
		Debug|Any CPU = Debug|Any CPU
		Release|Any CPU = Release|Any CPU
	EndGlobalSection
	GlobalSection(ProjectConfigurationPlatforms) = postSolution
		{36E8F947-121C-4C2E-91FF-2963034DE907}.Debug|Any CPU.ActiveCfg = Debug|Any CPU
		{36E8F947-121C-4C2E-91FF-2963034DE907}.Debug|Any CPU.Build.0 = Debug|Any CPU
		{36E8F947-121C-4C2E-91FF-2963034DE907}.Release|Any CPU.ActiveCfg = Release|Any CPU
		{36E8F947-121C-4C2E-91FF-2963034DE907}.Release|Any CPU.Build.0 = Release|Any CPU
		{450F8F34-CD9E-4776-8573-D5EE6CB26939}.Debug|Any CPU.ActiveCfg = Debug|Any CPU
		{450F8F34-CD9E-4776-8573-D5EE6CB26939}.Debug|Any CPU.Build.0 = Debug|Any CPU
		{450F8F34-CD9E-4776-8573-D5EE6CB26939}.Release|Any CPU.ActiveCfg = Release|Any CPU
		{450F8F34-CD9E-4776-8573-D5EE6CB26939}.Release|Any CPU.Build.0 = Release|Any CPU
		{2A3C7107-A8E1-49BB-93A7-2483B3E0E474}.Debug|Any CPU.ActiveCfg = Debug|Any CPU
		{2A3C7107-A8E1-49BB-93A7-2483B3E0E474}.Debug|Any CPU.Build.0 = Debug|Any CPU
		{2A3C7107-A8E1-49BB-93A7-2483B3E0E474}.Release|Any CPU.ActiveCfg = Release|Any CPU
		{2A3C7107-A8E1-49BB-93A7-2483B3E0E474}.Release|Any CPU.Build.0 = Release|Any CPU
		{8DAE57FE-A000-4B2F-BE5F-776D0932BD9F}.Debug|Any CPU.ActiveCfg = Debug|Any CPU
		{8DAE57FE-A000-4B2F-BE5F-776D0932BD9F}.Debug|Any CPU.Build.0 = Debug|Any CPU
		{8DAE57FE-A000-4B2F-BE5F-776D0932BD9F}.Release|Any CPU.ActiveCfg = Release|Any CPU
		{8DAE57FE-A000-4B2F-BE5F-776D0932BD9F}.Release|Any CPU.Build.0 = Release|Any CPU
	EndGlobalSection
	GlobalSection(SolutionProperties) = preSolution
		HideSolutionNode = FALSE
	EndGlobalSection
	GlobalSection(ExtensibilityGlobals) = postSolution
		SolutionGuid = {BB4BCB78-9B4B-4238-979D-38E1F423C87A}
	EndGlobalSection
EndGlobal
